
Microsoft Visual Studio Solution File, Format Version 12.00
# Visual Studio Version 17
VisualStudioVersion = 17.3.32819.101
MinimumVisualStudioVersion = 10.0.40219.1
Project("{8BC9CEB8-8B4A-11D0-8D11-00A0C91BC942}") = "zad04", "zad04\zad04.vcxproj", "{6EB4DBE6-CE0F-4335-A8DA-17C8AACB2975}"
EndProject
Global
	GlobalSection(SolutionConfigurationPlatforms) = preSolution
		Debug|x64 = Debug|x64
		Debug|x86 = Debug|x86
		Release|x64 = Release|x64
		Release|x86 = Release|x86
	EndGlobalSection
	GlobalSection(ProjectConfigurationPlatforms) = postSolution
		{6EB4DBE6-CE0F-4335-A8DA-17C8AACB2975}.Debug|x64.ActiveCfg = Debug|x64
		{6EB4DBE6-CE0F-4335-A8DA-17C8AACB2975}.Debug|x64.Build.0 = Debug|x64
		{6EB4DBE6-CE0F-4335-A8DA-17C8AACB2975}.Debug|x86.ActiveCfg = Debug|Win32
		{6EB4DBE6-CE0F-4335-A8DA-17C8AACB2975}.Debug|x86.Build.0 = Debug|Win32
		{6EB4DBE6-CE0F-4335-A8DA-17C8AACB2975}.Release|x64.ActiveCfg = Release|x64
		{6EB4DBE6-CE0F-4335-A8DA-17C8AACB2975}.Release|x64.Build.0 = Release|x64
		{6EB4DBE6-CE0F-4335-A8DA-17C8AACB2975}.Release|x86.ActiveCfg = Release|Win32
		{6EB4DBE6-CE0F-4335-A8DA-17C8AACB2975}.Release|x86.Build.0 = Release|Win32
	EndGlobalSection
	GlobalSection(SolutionProperties) = preSolution
		HideSolutionNode = FALSE
	EndGlobalSection
	GlobalSection(ExtensibilityGlobals) = postSolution
		SolutionGuid = {3AC876F7-8FF3-4015-A52E-9C3191B93F99}
	EndGlobalSection
EndGlobal
